
Microsoft Visual Studio Solution File, Format Version 12.00
# Visual Studio Version 16
VisualStudioVersion = 16.0.30804.86
MinimumVisualStudioVersion = 10.0.40219.1
Project("{FAE04EC0-301F-11D3-BF4B-00C04F79EFBC}") = "pamelstore", "TokoQalem\pamelstore.csproj", "{5C9E691C-DFFC-4F6F-BA84-C26985592967}"
EndProject
Global
	GlobalSection(SolutionConfigurationPlatforms) = preSolution
		Debug|Any CPU = Debug|Any CPU
		Release|Any CPU = Release|Any CPU
	EndGlobalSection
	GlobalSection(ProjectConfigurationPlatforms) = postSolution
		{5C9E691C-DFFC-4F6F-BA84-C26985592967}.Debug|Any CPU.ActiveCfg = Debug|Any CPU
		{5C9E691C-DFFC-4F6F-BA84-C26985592967}.Debug|Any CPU.Build.0 = Debug|Any CPU
		{5C9E691C-DFFC-4F6F-BA84-C26985592967}.Release|Any CPU.ActiveCfg = Release|Any CPU
		{5C9E691C-DFFC-4F6F-BA84-C26985592967}.Release|Any CPU.Build.0 = Release|Any CPU
	EndGlobalSection
	GlobalSection(SolutionProperties) = preSolution
		HideSolutionNode = FALSE
	EndGlobalSection
	GlobalSection(ExtensibilityGlobals) = postSolution
		SolutionGuid = {D5BC67E2-79AA-4E60-8A07-DB2A4C56944D}
	EndGlobalSection
EndGlobal
